
Microsoft Visual Studio Solution File, Format Version 12.00
# Visual Studio Version 17
VisualStudioVersion = 17.0.31903.59
MinimumVisualStudioVersion = 10.0.40219.1
Project("{2150E333-8FDC-42A3-9474-1A3956D46DE8}") = "backend", "backend", "{5A34AC25-818A-4E6B-9F90-54ADA326FF31}"
EndProject
Project("{2150E333-8FDC-42A3-9474-1A3956D46DE8}") = "servicios", "servicios", "{E320728B-61BD-486C-B83D-79E021B65A05}"
EndProject
Project("{2150E333-8FDC-42A3-9474-1A3956D46DE8}") = "identidad-servicio", "identidad-servicio", "{54E066B5-4F24-4BC8-BF21-AE2FA4FC72E4}"
EndProject
Project("{FAE04EC0-301F-11D3-BF4B-00C04F79EFBC}") = "IdentidadServicio.Api", "backend\servicios\identidad-servicio\IdentidadServicio.Api\IdentidadServicio.Api.csproj", "{B0035A92-12F4-42F6-8605-0CBD71E4FC42}"
EndProject
Project("{FAE04EC0-301F-11D3-BF4B-00C04F79EFBC}") = "IdentidadServicio.Aplicacion", "backend\servicios\identidad-servicio\IdentidadServicio.Aplicacion\IdentidadServicio.Aplicacion.csproj", "{2BA61C6F-808A-4048-9AE3-3E92669A7EE5}"
EndProject
Project("{FAE04EC0-301F-11D3-BF4B-00C04F79EFBC}") = "IdentidadServicio.Commons", "backend\servicios\identidad-servicio\IdentidadServicio.Commons\IdentidadServicio.Commons.csproj", "{BA8F7310-0426-4665-BEF6-833039C6E67F}"
EndProject
Project("{FAE04EC0-301F-11D3-BF4B-00C04F79EFBC}") = "IdentidadServicio.Dominio", "backend\servicios\identidad-servicio\IdentidadServicio.Dominio\IdentidadServicio.Dominio.csproj", "{E84C4730-8080-4194-AFE3-E2E2B399A153}"
EndProject
Project("{FAE04EC0-301F-11D3-BF4B-00C04F79EFBC}") = "IdentidadServicio.Infraestructura", "backend\servicios\identidad-servicio\IdentidadServicio.Infraestructura\IdentidadServicio.Infraestructura.csproj", "{CB98D083-1486-48CC-A50C-02BF749E38E0}"
EndProject
Project("{2150E333-8FDC-42A3-9474-1A3956D46DE8}") = "juegos-servicio", "juegos-servicio", "{59C1DA34-355E-4C2F-BA7A-689E9AC8F66B}"
EndProject
Project("{FAE04EC0-301F-11D3-BF4B-00C04F79EFBC}") = "JuegosServicio.Api", "backend\servicios\juegos-servicio\JuegosServicio.Api\JuegosServicio.Api.csproj", "{C37A545C-3253-447F-B4E5-819A835C641A}"
EndProject
Project("{FAE04EC0-301F-11D3-BF4B-00C04F79EFBC}") = "JuegosServicio.Aplicacion", "backend\servicios\juegos-servicio\JuegosServicio.Aplicacion\JuegosServicio.Aplicacion.csproj", "{FE29D240-AB9B-414E-95C5-3BCDB116CEF9}"
EndProject
Project("{FAE04EC0-301F-11D3-BF4B-00C04F79EFBC}") = "JuegosServicio.Commons", "backend\servicios\juegos-servicio\JuegosServicio.Commons\JuegosServicio.Commons.csproj", "{5C26E709-66D0-43CD-961F-F04A7733B9AC}"
EndProject
Project("{FAE04EC0-301F-11D3-BF4B-00C04F79EFBC}") = "JuegosServicio.Dominio", "backend\servicios\juegos-servicio\JuegosServicio.Dominio\JuegosServicio.Dominio.csproj", "{69BA01F3-517A-45A9-95E6-AAC563816382}"
EndProject
Project("{FAE04EC0-301F-11D3-BF4B-00C04F79EFBC}") = "JuegosServicio.Infraestructura", "backend\servicios\juegos-servicio\JuegosServicio.Infraestructura\JuegosServicio.Infraestructura.csproj", "{1F5E9354-7EF8-482A-8329-318559D963F3}"
EndProject
Project("{2150E333-8FDC-42A3-9474-1A3956D46DE8}") = "gateway", "gateway", "{C4169F0D-422C-44D7-8CA5-807C73056D29}"
EndProject
Project("{FAE04EC0-301F-11D3-BF4B-00C04F79EFBC}") = "ApiGateway", "backend\gateway\api-gateway\ApiGateway.csproj", "{8E158253-56EE-4BDD-A984-6AC24C9F4F0E}"
EndProject
Project("{2150E333-8FDC-42A3-9474-1A3956D46DE8}") = "pruebas", "pruebas", "{A1B2C3D4-E5F6-7890-ABCD-000000000001}"
EndProject
Project("{2150E333-8FDC-42A3-9474-1A3956D46DE8}") = "identidad", "identidad", "{A1B2C3D4-E5F6-7890-ABCD-000000000002}"
EndProject
Project("{2150E333-8FDC-42A3-9474-1A3956D46DE8}") = "juegos", "juegos", "{A1B2C3D4-E5F6-7890-ABCD-000000000003}"
EndProject
Project("{FAE04EC0-301F-11D3-BF4B-00C04F79EFBC}") = "IdentidadServicio.PruebasUnitarias", "backend\pruebas\identidad\IdentidadServicio.PruebasUnitarias\IdentidadServicio.PruebasUnitarias.csproj", "{A1B2C3D4-E5F6-7890-ABCD-000000000004}"
EndProject
Project("{FAE04EC0-301F-11D3-BF4B-00C04F79EFBC}") = "IdentidadServicio.PruebasIntegracion", "backend\pruebas\identidad\IdentidadServicio.PruebasIntegracion\IdentidadServicio.PruebasIntegracion.csproj", "{A1B2C3D4-E5F6-7890-ABCD-000000000005}"
EndProject
Project("{FAE04EC0-301F-11D3-BF4B-00C04F79EFBC}") = "JuegosServicio.PruebasUnitarias", "backend\pruebas\juegos\JuegosServicio.PruebasUnitarias\JuegosServicio.PruebasUnitarias.csproj", "{C767119C-C47F-42AB-B4F4-67310DE9D664}"
EndProject
Project("{2150E333-8FDC-42A3-9474-1A3956D46DE8}") = "sesiones-servicio", "sesiones-servicio", "{9FAFF5CF-E582-9F49-9CAE-648C87FAF763}"
EndProject
Project("{FAE04EC0-301F-11D3-BF4B-00C04F79EFBC}") = "SesionesServicio.Api", "backend\servicios\sesiones-servicio\SesionesServicio.Api\SesionesServicio.Api.csproj", "{032D6384-87B9-4BB0-9147-137EE70B66EC}"
EndProject
Project("{FAE04EC0-301F-11D3-BF4B-00C04F79EFBC}") = "SesionesServicio.Aplicacion", "backend\servicios\sesiones-servicio\SesionesServicio.Aplicacion\SesionesServicio.Aplicacion.csproj", "{D0E48F43-5220-44E3-B3CC-761E2A7B8CF9}"
EndProject
Project("{FAE04EC0-301F-11D3-BF4B-00C04F79EFBC}") = "SesionesServicio.Commons", "backend\servicios\sesiones-servicio\SesionesServicio.Commons\SesionesServicio.Commons.csproj", "{4E08041B-7309-4B4E-BF08-11A8579283B0}"
EndProject
Project("{FAE04EC0-301F-11D3-BF4B-00C04F79EFBC}") = "SesionesServicio.Dominio", "backend\servicios\sesiones-servicio\SesionesServicio.Dominio\SesionesServicio.Dominio.csproj", "{F55A7527-2E47-46A7-A0B2-3BC4091B7838}"
EndProject
Project("{FAE04EC0-301F-11D3-BF4B-00C04F79EFBC}") = "SesionesServicio.Infraestructura", "backend\servicios\sesiones-servicio\SesionesServicio.Infraestructura\SesionesServicio.Infraestructura.csproj", "{DA73E259-950B-4A29-A883-F8A464F9AA6D}"
EndProject
Project("{FAE04EC0-301F-11D3-BF4B-00C04F79EFBC}") = "SesionesServicio.PruebasUnitarias", "backend\pruebas\sesiones\SesionesServicio.PruebasUnitarias\SesionesServicio.PruebasUnitarias.csproj", "{96F3F3E2-D7CB-4F87-9A6D-D5AD134A16BB}"
EndProject
Project("{FAE04EC0-301F-11D3-BF4B-00C04F79EFBC}") = "SesionesServicio.PruebasIntegracion", "backend\pruebas\sesiones\SesionesServicio.PruebasIntegracion\SesionesServicio.PruebasIntegracion.csproj", "{03E3FA88-D727-46BA-8BA0-8CD5AB89B246}"
EndProject
Global
	GlobalSection(SolutionConfigurationPlatforms) = preSolution
		Debug|Any CPU = Debug|Any CPU
		Debug|x64 = Debug|x64
		Debug|x86 = Debug|x86
		Release|Any CPU = Release|Any CPU
		Release|x64 = Release|x64
		Release|x86 = Release|x86
	EndGlobalSection
	GlobalSection(ProjectConfigurationPlatforms) = postSolution
		{B0035A92-12F4-42F6-8605-0CBD71E4FC42}.Debug|Any CPU.ActiveCfg = Debug|Any CPU
		{B0035A92-12F4-42F6-8605-0CBD71E4FC42}.Debug|Any CPU.Build.0 = Debug|Any CPU
		{B0035A92-12F4-42F6-8605-0CBD71E4FC42}.Debug|x64.ActiveCfg = Debug|Any CPU
		{B0035A92-12F4-42F6-8605-0CBD71E4FC42}.Debug|x64.Build.0 = Debug|Any CPU
		{B0035A92-12F4-42F6-8605-0CBD71E4FC42}.Debug|x86.ActiveCfg = Debug|Any CPU
		{B0035A92-12F4-42F6-8605-0CBD71E4FC42}.Debug|x86.Build.0 = Debug|Any CPU
		{B0035A92-12F4-42F6-8605-0CBD71E4FC42}.Release|Any CPU.ActiveCfg = Release|Any CPU
		{B0035A92-12F4-42F6-8605-0CBD71E4FC42}.Release|Any CPU.Build.0 = Release|Any CPU
		{B0035A92-12F4-42F6-8605-0CBD71E4FC42}.Release|x64.ActiveCfg = Release|Any CPU
		{B0035A92-12F4-42F6-8605-0CBD71E4FC42}.Release|x64.Build.0 = Release|Any CPU
		{B0035A92-12F4-42F6-8605-0CBD71E4FC42}.Release|x86.ActiveCfg = Release|Any CPU
		{B0035A92-12F4-42F6-8605-0CBD71E4FC42}.Release|x86.Build.0 = Release|Any CPU
		{2BA61C6F-808A-4048-9AE3-3E92669A7EE5}.Debug|Any CPU.ActiveCfg = Debug|Any CPU
		{2BA61C6F-808A-4048-9AE3-3E92669A7EE5}.Debug|Any CPU.Build.0 = Debug|Any CPU
		{2BA61C6F-808A-4048-9AE3-3E92669A7EE5}.Debug|x64.ActiveCfg = Debug|Any CPU
		{2BA61C6F-808A-4048-9AE3-3E92669A7EE5}.Debug|x64.Build.0 = Debug|Any CPU
		{2BA61C6F-808A-4048-9AE3-3E92669A7EE5}.Debug|x86.ActiveCfg = Debug|Any CPU
		{2BA61C6F-808A-4048-9AE3-3E92669A7EE5}.Debug|x86.Build.0 = Debug|Any CPU
		{2BA61C6F-808A-4048-9AE3-3E92669A7EE5}.Release|Any CPU.ActiveCfg = Release|Any CPU
		{2BA61C6F-808A-4048-9AE3-3E92669A7EE5}.Release|Any CPU.Build.0 = Release|Any CPU
		{2BA61C6F-808A-4048-9AE3-3E92669A7EE5}.Release|x64.ActiveCfg = Release|Any CPU
		{2BA61C6F-808A-4048-9AE3-3E92669A7EE5}.Release|x64.Build.0 = Release|Any CPU
		{2BA61C6F-808A-4048-9AE3-3E92669A7EE5}.Release|x86.ActiveCfg = Release|Any CPU
		{2BA61C6F-808A-4048-9AE3-3E92669A7EE5}.Release|x86.Build.0 = Release|Any CPU
		{BA8F7310-0426-4665-BEF6-833039C6E67F}.Debug|Any CPU.ActiveCfg = Debug|Any CPU
		{BA8F7310-0426-4665-BEF6-833039C6E67F}.Debug|Any CPU.Build.0 = Debug|Any CPU
		{BA8F7310-0426-4665-BEF6-833039C6E67F}.Debug|x64.ActiveCfg = Debug|Any CPU
		{BA8F7310-0426-4665-BEF6-833039C6E67F}.Debug|x64.Build.0 = Debug|Any CPU
		{BA8F7310-0426-4665-BEF6-833039C6E67F}.Debug|x86.ActiveCfg = Debug|Any CPU
		{BA8F7310-0426-4665-BEF6-833039C6E67F}.Debug|x86.Build.0 = Debug|Any CPU
		{BA8F7310-0426-4665-BEF6-833039C6E67F}.Release|Any CPU.ActiveCfg = Release|Any CPU
		{BA8F7310-0426-4665-BEF6-833039C6E67F}.Release|Any CPU.Build.0 = Release|Any CPU
		{BA8F7310-0426-4665-BEF6-833039C6E67F}.Release|x64.ActiveCfg = Release|Any CPU
		{BA8F7310-0426-4665-BEF6-833039C6E67F}.Release|x64.Build.0 = Release|Any CPU
		{BA8F7310-0426-4665-BEF6-833039C6E67F}.Release|x86.ActiveCfg = Release|Any CPU
		{BA8F7310-0426-4665-BEF6-833039C6E67F}.Release|x86.Build.0 = Release|Any CPU
		{E84C4730-8080-4194-AFE3-E2E2B399A153}.Debug|Any CPU.ActiveCfg = Debug|Any CPU
		{E84C4730-8080-4194-AFE3-E2E2B399A153}.Debug|Any CPU.Build.0 = Debug|Any CPU
		{E84C4730-8080-4194-AFE3-E2E2B399A153}.Debug|x64.ActiveCfg = Debug|Any CPU
		{E84C4730-8080-4194-AFE3-E2E2B399A153}.Debug|x64.Build.0 = Debug|Any CPU
		{E84C4730-8080-4194-AFE3-E2E2B399A153}.Debug|x86.ActiveCfg = Debug|Any CPU
		{E84C4730-8080-4194-AFE3-E2E2B399A153}.Debug|x86.Build.0 = Debug|Any CPU
		{E84C4730-8080-4194-AFE3-E2E2B399A153}.Release|Any CPU.ActiveCfg = Release|Any CPU
		{E84C4730-8080-4194-AFE3-E2E2B399A153}.Release|Any CPU.Build.0 = Release|Any CPU
		{E84C4730-8080-4194-AFE3-E2E2B399A153}.Release|x64.ActiveCfg = Release|Any CPU
		{E84C4730-8080-4194-AFE3-E2E2B399A153}.Release|x64.Build.0 = Release|Any CPU
		{E84C4730-8080-4194-AFE3-E2E2B399A153}.Release|x86.ActiveCfg = Release|Any CPU
		{E84C4730-8080-4194-AFE3-E2E2B399A153}.Release|x86.Build.0 = Release|Any CPU
		{CB98D083-1486-48CC-A50C-02BF749E38E0}.Debug|Any CPU.ActiveCfg = Debug|Any CPU
		{CB98D083-1486-48CC-A50C-02BF749E38E0}.Debug|Any CPU.Build.0 = Debug|Any CPU
		{CB98D083-1486-48CC-A50C-02BF749E38E0}.Debug|x64.ActiveCfg = Debug|Any CPU
		{CB98D083-1486-48CC-A50C-02BF749E38E0}.Debug|x64.Build.0 = Debug|Any CPU
		{CB98D083-1486-48CC-A50C-02BF749E38E0}.Debug|x86.ActiveCfg = Debug|Any CPU
		{CB98D083-1486-48CC-A50C-02BF749E38E0}.Debug|x86.Build.0 = Debug|Any CPU
		{CB98D083-1486-48CC-A50C-02BF749E38E0}.Release|Any CPU.ActiveCfg = Release|Any CPU
		{CB98D083-1486-48CC-A50C-02BF749E38E0}.Release|Any CPU.Build.0 = Release|Any CPU
		{CB98D083-1486-48CC-A50C-02BF749E38E0}.Release|x64.ActiveCfg = Release|Any CPU
		{CB98D083-1486-48CC-A50C-02BF749E38E0}.Release|x64.Build.0 = Release|Any CPU
		{CB98D083-1486-48CC-A50C-02BF749E38E0}.Release|x86.ActiveCfg = Release|Any CPU
		{CB98D083-1486-48CC-A50C-02BF749E38E0}.Release|x86.Build.0 = Release|Any CPU
		{C37A545C-3253-447F-B4E5-819A835C641A}.Debug|Any CPU.ActiveCfg = Debug|Any CPU
		{C37A545C-3253-447F-B4E5-819A835C641A}.Debug|Any CPU.Build.0 = Debug|Any CPU
		{C37A545C-3253-447F-B4E5-819A835C641A}.Debug|x64.ActiveCfg = Debug|Any CPU
		{C37A545C-3253-447F-B4E5-819A835C641A}.Debug|x64.Build.0 = Debug|Any CPU
		{C37A545C-3253-447F-B4E5-819A835C641A}.Debug|x86.ActiveCfg = Debug|Any CPU
		{C37A545C-3253-447F-B4E5-819A835C641A}.Debug|x86.Build.0 = Debug|Any CPU
		{C37A545C-3253-447F-B4E5-819A835C641A}.Release|Any CPU.ActiveCfg = Release|Any CPU
		{C37A545C-3253-447F-B4E5-819A835C641A}.Release|Any CPU.Build.0 = Release|Any CPU
		{C37A545C-3253-447F-B4E5-819A835C641A}.Release|x64.ActiveCfg = Release|Any CPU
		{C37A545C-3253-447F-B4E5-819A835C641A}.Release|x64.Build.0 = Release|Any CPU
		{C37A545C-3253-447F-B4E5-819A835C641A}.Release|x86.ActiveCfg = Release|Any CPU
		{C37A545C-3253-447F-B4E5-819A835C641A}.Release|x86.Build.0 = Release|Any CPU
		{FE29D240-AB9B-414E-95C5-3BCDB116CEF9}.Debug|Any CPU.ActiveCfg = Debug|Any CPU
		{FE29D240-AB9B-414E-95C5-3BCDB116CEF9}.Debug|Any CPU.Build.0 = Debug|Any CPU
		{FE29D240-AB9B-414E-95C5-3BCDB116CEF9}.Debug|x64.ActiveCfg = Debug|Any CPU
		{FE29D240-AB9B-414E-95C5-3BCDB116CEF9}.Debug|x64.Build.0 = Debug|Any CPU
		{FE29D240-AB9B-414E-95C5-3BCDB116CEF9}.Debug|x86.ActiveCfg = Debug|Any CPU
		{FE29D240-AB9B-414E-95C5-3BCDB116CEF9}.Debug|x86.Build.0 = Debug|Any CPU
		{FE29D240-AB9B-414E-95C5-3BCDB116CEF9}.Release|Any CPU.ActiveCfg = Release|Any CPU
		{FE29D240-AB9B-414E-95C5-3BCDB116CEF9}.Release|Any CPU.Build.0 = Release|Any CPU
		{FE29D240-AB9B-414E-95C5-3BCDB116CEF9}.Release|x64.ActiveCfg = Release|Any CPU
		{FE29D240-AB9B-414E-95C5-3BCDB116CEF9}.Release|x64.Build.0 = Release|Any CPU
		{FE29D240-AB9B-414E-95C5-3BCDB116CEF9}.Release|x86.ActiveCfg = Release|Any CPU
		{FE29D240-AB9B-414E-95C5-3BCDB116CEF9}.Release|x86.Build.0 = Release|Any CPU
		{5C26E709-66D0-43CD-961F-F04A7733B9AC}.Debug|Any CPU.ActiveCfg = Debug|Any CPU
		{5C26E709-66D0-43CD-961F-F04A7733B9AC}.Debug|Any CPU.Build.0 = Debug|Any CPU
		{5C26E709-66D0-43CD-961F-F04A7733B9AC}.Debug|x64.ActiveCfg = Debug|Any CPU
		{5C26E709-66D0-43CD-961F-F04A7733B9AC}.Debug|x64.Build.0 = Debug|Any CPU
		{5C26E709-66D0-43CD-961F-F04A7733B9AC}.Debug|x86.ActiveCfg = Debug|Any CPU
		{5C26E709-66D0-43CD-961F-F04A7733B9AC}.Debug|x86.Build.0 = Debug|Any CPU
		{5C26E709-66D0-43CD-961F-F04A7733B9AC}.Release|Any CPU.ActiveCfg = Release|Any CPU
		{5C26E709-66D0-43CD-961F-F04A7733B9AC}.Release|Any CPU.Build.0 = Release|Any CPU
		{5C26E709-66D0-43CD-961F-F04A7733B9AC}.Release|x64.ActiveCfg = Release|Any CPU
		{5C26E709-66D0-43CD-961F-F04A7733B9AC}.Release|x64.Build.0 = Release|Any CPU
		{5C26E709-66D0-43CD-961F-F04A7733B9AC}.Release|x86.ActiveCfg = Release|Any CPU
		{5C26E709-66D0-43CD-961F-F04A7733B9AC}.Release|x86.Build.0 = Release|Any CPU
		{69BA01F3-517A-45A9-95E6-AAC563816382}.Debug|Any CPU.ActiveCfg = Debug|Any CPU
		{69BA01F3-517A-45A9-95E6-AAC563816382}.Debug|Any CPU.Build.0 = Debug|Any CPU
		{69BA01F3-517A-45A9-95E6-AAC563816382}.Debug|x64.ActiveCfg = Debug|Any CPU
		{69BA01F3-517A-45A9-95E6-AAC563816382}.Debug|x64.Build.0 = Debug|Any CPU
		{69BA01F3-517A-45A9-95E6-AAC563816382}.Debug|x86.ActiveCfg = Debug|Any CPU
		{69BA01F3-517A-45A9-95E6-AAC563816382}.Debug|x86.Build.0 = Debug|Any CPU
		{69BA01F3-517A-45A9-95E6-AAC563816382}.Release|Any CPU.ActiveCfg = Release|Any CPU
		{69BA01F3-517A-45A9-95E6-AAC563816382}.Release|Any CPU.Build.0 = Release|Any CPU
		{69BA01F3-517A-45A9-95E6-AAC563816382}.Release|x64.ActiveCfg = Release|Any CPU
		{69BA01F3-517A-45A9-95E6-AAC563816382}.Release|x64.Build.0 = Release|Any CPU
		{69BA01F3-517A-45A9-95E6-AAC563816382}.Release|x86.ActiveCfg = Release|Any CPU
		{69BA01F3-517A-45A9-95E6-AAC563816382}.Release|x86.Build.0 = Release|Any CPU
		{1F5E9354-7EF8-482A-8329-318559D963F3}.Debug|Any CPU.ActiveCfg = Debug|Any CPU
		{1F5E9354-7EF8-482A-8329-318559D963F3}.Debug|Any CPU.Build.0 = Debug|Any CPU
		{1F5E9354-7EF8-482A-8329-318559D963F3}.Debug|x64.ActiveCfg = Debug|Any CPU
		{1F5E9354-7EF8-482A-8329-318559D963F3}.Debug|x64.Build.0 = Debug|Any CPU
		{1F5E9354-7EF8-482A-8329-318559D963F3}.Debug|x86.ActiveCfg = Debug|Any CPU
		{1F5E9354-7EF8-482A-8329-318559D963F3}.Debug|x86.Build.0 = Debug|Any CPU
		{1F5E9354-7EF8-482A-8329-318559D963F3}.Release|Any CPU.ActiveCfg = Release|Any CPU
		{1F5E9354-7EF8-482A-8329-318559D963F3}.Release|Any CPU.Build.0 = Release|Any CPU
		{1F5E9354-7EF8-482A-8329-318559D963F3}.Release|x64.ActiveCfg = Release|Any CPU
		{1F5E9354-7EF8-482A-8329-318559D963F3}.Release|x64.Build.0 = Release|Any CPU
		{1F5E9354-7EF8-482A-8329-318559D963F3}.Release|x86.ActiveCfg = Release|Any CPU
		{1F5E9354-7EF8-482A-8329-318559D963F3}.Release|x86.Build.0 = Release|Any CPU
		{8E158253-56EE-4BDD-A984-6AC24C9F4F0E}.Debug|Any CPU.ActiveCfg = Debug|Any CPU
		{8E158253-56EE-4BDD-A984-6AC24C9F4F0E}.Debug|Any CPU.Build.0 = Debug|Any CPU
		{8E158253-56EE-4BDD-A984-6AC24C9F4F0E}.Debug|x64.ActiveCfg = Debug|Any CPU
		{8E158253-56EE-4BDD-A984-6AC24C9F4F0E}.Debug|x64.Build.0 = Debug|Any CPU
		{8E158253-56EE-4BDD-A984-6AC24C9F4F0E}.Debug|x86.ActiveCfg = Debug|Any CPU
		{8E158253-56EE-4BDD-A984-6AC24C9F4F0E}.Debug|x86.Build.0 = Debug|Any CPU
		{8E158253-56EE-4BDD-A984-6AC24C9F4F0E}.Release|Any CPU.ActiveCfg = Release|Any CPU
		{8E158253-56EE-4BDD-A984-6AC24C9F4F0E}.Release|Any CPU.Build.0 = Release|Any CPU
		{8E158253-56EE-4BDD-A984-6AC24C9F4F0E}.Release|x64.ActiveCfg = Release|Any CPU
		{8E158253-56EE-4BDD-A984-6AC24C9F4F0E}.Release|x64.Build.0 = Release|Any CPU
		{8E158253-56EE-4BDD-A984-6AC24C9F4F0E}.Release|x86.ActiveCfg = Release|Any CPU
		{8E158253-56EE-4BDD-A984-6AC24C9F4F0E}.Release|x86.Build.0 = Release|Any CPU
		{A1B2C3D4-E5F6-7890-ABCD-000000000004}.Debug|Any CPU.ActiveCfg = Debug|Any CPU
		{A1B2C3D4-E5F6-7890-ABCD-000000000004}.Debug|Any CPU.Build.0 = Debug|Any CPU
		{A1B2C3D4-E5F6-7890-ABCD-000000000004}.Debug|x64.ActiveCfg = Debug|Any CPU
		{A1B2C3D4-E5F6-7890-ABCD-000000000004}.Debug|x64.Build.0 = Debug|Any CPU
		{A1B2C3D4-E5F6-7890-ABCD-000000000004}.Debug|x86.ActiveCfg = Debug|Any CPU
		{A1B2C3D4-E5F6-7890-ABCD-000000000004}.Debug|x86.Build.0 = Debug|Any CPU
		{A1B2C3D4-E5F6-7890-ABCD-000000000004}.Release|Any CPU.ActiveCfg = Release|Any CPU
		{A1B2C3D4-E5F6-7890-ABCD-000000000004}.Release|Any CPU.Build.0 = Release|Any CPU
		{A1B2C3D4-E5F6-7890-ABCD-000000000004}.Release|x64.ActiveCfg = Release|Any CPU
		{A1B2C3D4-E5F6-7890-ABCD-000000000004}.Release|x64.Build.0 = Release|Any CPU
		{A1B2C3D4-E5F6-7890-ABCD-000000000004}.Release|x86.ActiveCfg = Release|Any CPU
		{A1B2C3D4-E5F6-7890-ABCD-000000000004}.Release|x86.Build.0 = Release|Any CPU
		{A1B2C3D4-E5F6-7890-ABCD-000000000005}.Debug|Any CPU.ActiveCfg = Debug|Any CPU
		{A1B2C3D4-E5F6-7890-ABCD-000000000005}.Debug|Any CPU.Build.0 = Debug|Any CPU
		{A1B2C3D4-E5F6-7890-ABCD-000000000005}.Debug|x64.ActiveCfg = Debug|Any CPU
		{A1B2C3D4-E5F6-7890-ABCD-000000000005}.Debug|x64.Build.0 = Debug|Any CPU
		{A1B2C3D4-E5F6-7890-ABCD-000000000005}.Debug|x86.ActiveCfg = Debug|Any CPU
		{A1B2C3D4-E5F6-7890-ABCD-000000000005}.Debug|x86.Build.0 = Debug|Any CPU
		{A1B2C3D4-E5F6-7890-ABCD-000000000005}.Release|Any CPU.ActiveCfg = Release|Any CPU
		{A1B2C3D4-E5F6-7890-ABCD-000000000005}.Release|Any CPU.Build.0 = Release|Any CPU
		{A1B2C3D4-E5F6-7890-ABCD-000000000005}.Release|x64.ActiveCfg = Release|Any CPU
		{A1B2C3D4-E5F6-7890-ABCD-000000000005}.Release|x64.Build.0 = Release|Any CPU
		{A1B2C3D4-E5F6-7890-ABCD-000000000005}.Release|x86.ActiveCfg = Release|Any CPU
		{A1B2C3D4-E5F6-7890-ABCD-000000000005}.Release|x86.Build.0 = Release|Any CPU
		{C767119C-C47F-42AB-B4F4-67310DE9D664}.Debug|Any CPU.ActiveCfg = Debug|Any CPU
		{C767119C-C47F-42AB-B4F4-67310DE9D664}.Debug|Any CPU.Build.0 = Debug|Any CPU
		{C767119C-C47F-42AB-B4F4-67310DE9D664}.Debug|x64.ActiveCfg = Debug|Any CPU
		{C767119C-C47F-42AB-B4F4-67310DE9D664}.Debug|x64.Build.0 = Debug|Any CPU
		{C767119C-C47F-42AB-B4F4-67310DE9D664}.Debug|x86.ActiveCfg = Debug|Any CPU
		{C767119C-C47F-42AB-B4F4-67310DE9D664}.Debug|x86.Build.0 = Debug|Any CPU
		{C767119C-C47F-42AB-B4F4-67310DE9D664}.Release|Any CPU.ActiveCfg = Release|Any CPU
		{C767119C-C47F-42AB-B4F4-67310DE9D664}.Release|Any CPU.Build.0 = Release|Any CPU
		{C767119C-C47F-42AB-B4F4-67310DE9D664}.Release|x64.ActiveCfg = Release|Any CPU
		{C767119C-C47F-42AB-B4F4-67310DE9D664}.Release|x64.Build.0 = Release|Any CPU
		{C767119C-C47F-42AB-B4F4-67310DE9D664}.Release|x86.ActiveCfg = Release|Any CPU
		{C767119C-C47F-42AB-B4F4-67310DE9D664}.Release|x86.Build.0 = Release|Any CPU
		{032D6384-87B9-4BB0-9147-137EE70B66EC}.Debug|Any CPU.ActiveCfg = Debug|Any CPU
		{032D6384-87B9-4BB0-9147-137EE70B66EC}.Debug|Any CPU.Build.0 = Debug|Any CPU
		{032D6384-87B9-4BB0-9147-137EE70B66EC}.Debug|x64.ActiveCfg = Debug|Any CPU
		{032D6384-87B9-4BB0-9147-137EE70B66EC}.Debug|x64.Build.0 = Debug|Any CPU
		{032D6384-87B9-4BB0-9147-137EE70B66EC}.Debug|x86.ActiveCfg = Debug|Any CPU
		{032D6384-87B9-4BB0-9147-137EE70B66EC}.Debug|x86.Build.0 = Debug|Any CPU
		{032D6384-87B9-4BB0-9147-137EE70B66EC}.Release|Any CPU.ActiveCfg = Release|Any CPU
		{032D6384-87B9-4BB0-9147-137EE70B66EC}.Release|Any CPU.Build.0 = Release|Any CPU
		{032D6384-87B9-4BB0-9147-137EE70B66EC}.Release|x64.ActiveCfg = Release|Any CPU
		{032D6384-87B9-4BB0-9147-137EE70B66EC}.Release|x64.Build.0 = Release|Any CPU
		{032D6384-87B9-4BB0-9147-137EE70B66EC}.Release|x86.ActiveCfg = Release|Any CPU
		{032D6384-87B9-4BB0-9147-137EE70B66EC}.Release|x86.Build.0 = Release|Any CPU
		{D0E48F43-5220-44E3-B3CC-761E2A7B8CF9}.Debug|Any CPU.ActiveCfg = Debug|Any CPU
		{D0E48F43-5220-44E3-B3CC-761E2A7B8CF9}.Debug|Any CPU.Build.0 = Debug|Any CPU
		{D0E48F43-5220-44E3-B3CC-761E2A7B8CF9}.Debug|x64.ActiveCfg = Debug|Any CPU
		{D0E48F43-5220-44E3-B3CC-761E2A7B8CF9}.Debug|x64.Build.0 = Debug|Any CPU
		{D0E48F43-5220-44E3-B3CC-761E2A7B8CF9}.Debug|x86.ActiveCfg = Debug|Any CPU
		{D0E48F43-5220-44E3-B3CC-761E2A7B8CF9}.Debug|x86.Build.0 = Debug|Any CPU
		{D0E48F43-5220-44E3-B3CC-761E2A7B8CF9}.Release|Any CPU.ActiveCfg = Release|Any CPU
		{D0E48F43-5220-44E3-B3CC-761E2A7B8CF9}.Release|Any CPU.Build.0 = Release|Any CPU
		{D0E48F43-5220-44E3-B3CC-761E2A7B8CF9}.Release|x64.ActiveCfg = Release|Any CPU
		{D0E48F43-5220-44E3-B3CC-761E2A7B8CF9}.Release|x64.Build.0 = Release|Any CPU
		{D0E48F43-5220-44E3-B3CC-761E2A7B8CF9}.Release|x86.ActiveCfg = Release|Any CPU
		{D0E48F43-5220-44E3-B3CC-761E2A7B8CF9}.Release|x86.Build.0 = Release|Any CPU
		{4E08041B-7309-4B4E-BF08-11A8579283B0}.Debug|Any CPU.ActiveCfg = Debug|Any CPU
		{4E08041B-7309-4B4E-BF08-11A8579283B0}.Debug|Any CPU.Build.0 = Debug|Any CPU
		{4E08041B-7309-4B4E-BF08-11A8579283B0}.Debug|x64.ActiveCfg = Debug|Any CPU
		{4E08041B-7309-4B4E-BF08-11A8579283B0}.Debug|x64.Build.0 = Debug|Any CPU
		{4E08041B-7309-4B4E-BF08-11A8579283B0}.Debug|x86.ActiveCfg = Debug|Any CPU
		{4E08041B-7309-4B4E-BF08-11A8579283B0}.Debug|x86.Build.0 = Debug|Any CPU
		{4E08041B-7309-4B4E-BF08-11A8579283B0}.Release|Any CPU.ActiveCfg = Release|Any CPU
		{4E08041B-7309-4B4E-BF08-11A8579283B0}.Release|Any CPU.Build.0 = Release|Any CPU
		{4E08041B-7309-4B4E-BF08-11A8579283B0}.Release|x64.ActiveCfg = Release|Any CPU
		{4E08041B-7309-4B4E-BF08-11A8579283B0}.Release|x64.Build.0 = Release|Any CPU
		{4E08041B-7309-4B4E-BF08-11A8579283B0}.Release|x86.ActiveCfg = Release|Any CPU
		{4E08041B-7309-4B4E-BF08-11A8579283B0}.Release|x86.Build.0 = Release|Any CPU
		{F55A7527-2E47-46A7-A0B2-3BC4091B7838}.Debug|Any CPU.ActiveCfg = Debug|Any CPU
		{F55A7527-2E47-46A7-A0B2-3BC4091B7838}.Debug|Any CPU.Build.0 = Debug|Any CPU
		{F55A7527-2E47-46A7-A0B2-3BC4091B7838}.Debug|x64.ActiveCfg = Debug|Any CPU
		{F55A7527-2E47-46A7-A0B2-3BC4091B7838}.Debug|x64.Build.0 = Debug|Any CPU
		{F55A7527-2E47-46A7-A0B2-3BC4091B7838}.Debug|x86.ActiveCfg = Debug|Any CPU
		{F55A7527-2E47-46A7-A0B2-3BC4091B7838}.Debug|x86.Build.0 = Debug|Any CPU
		{F55A7527-2E47-46A7-A0B2-3BC4091B7838}.Release|Any CPU.ActiveCfg = Release|Any CPU
		{F55A7527-2E47-46A7-A0B2-3BC4091B7838}.Release|Any CPU.Build.0 = Release|Any CPU
		{F55A7527-2E47-46A7-A0B2-3BC4091B7838}.Release|x64.ActiveCfg = Release|Any CPU
		{F55A7527-2E47-46A7-A0B2-3BC4091B7838}.Release|x64.Build.0 = Release|Any CPU
		{F55A7527-2E47-46A7-A0B2-3BC4091B7838}.Release|x86.ActiveCfg = Release|Any CPU
		{F55A7527-2E47-46A7-A0B2-3BC4091B7838}.Release|x86.Build.0 = Release|Any CPU
		{DA73E259-950B-4A29-A883-F8A464F9AA6D}.Debug|Any CPU.ActiveCfg = Debug|Any CPU
		{DA73E259-950B-4A29-A883-F8A464F9AA6D}.Debug|Any CPU.Build.0 = Debug|Any CPU
		{DA73E259-950B-4A29-A883-F8A464F9AA6D}.Debug|x64.ActiveCfg = Debug|Any CPU
		{DA73E259-950B-4A29-A883-F8A464F9AA6D}.Debug|x64.Build.0 = Debug|Any CPU
		{DA73E259-950B-4A29-A883-F8A464F9AA6D}.Debug|x86.ActiveCfg = Debug|Any CPU
		{DA73E259-950B-4A29-A883-F8A464F9AA6D}.Debug|x86.Build.0 = Debug|Any CPU
		{DA73E259-950B-4A29-A883-F8A464F9AA6D}.Release|Any CPU.ActiveCfg = Release|Any CPU
		{DA73E259-950B-4A29-A883-F8A464F9AA6D}.Release|Any CPU.Build.0 = Release|Any CPU
		{DA73E259-950B-4A29-A883-F8A464F9AA6D}.Release|x64.ActiveCfg = Release|Any CPU
		{DA73E259-950B-4A29-A883-F8A464F9AA6D}.Release|x64.Build.0 = Release|Any CPU
		{DA73E259-950B-4A29-A883-F8A464F9AA6D}.Release|x86.ActiveCfg = Release|Any CPU
		{DA73E259-950B-4A29-A883-F8A464F9AA6D}.Release|x86.Build.0 = Release|Any CPU
		{96F3F3E2-D7CB-4F87-9A6D-D5AD134A16BB}.Debug|Any CPU.ActiveCfg = Debug|Any CPU
		{96F3F3E2-D7CB-4F87-9A6D-D5AD134A16BB}.Debug|Any CPU.Build.0 = Debug|Any CPU
		{96F3F3E2-D7CB-4F87-9A6D-D5AD134A16BB}.Debug|x64.ActiveCfg = Debug|Any CPU
		{96F3F3E2-D7CB-4F87-9A6D-D5AD134A16BB}.Debug|x64.Build.0 = Debug|Any CPU
		{96F3F3E2-D7CB-4F87-9A6D-D5AD134A16BB}.Debug|x86.ActiveCfg = Debug|Any CPU
		{96F3F3E2-D7CB-4F87-9A6D-D5AD134A16BB}.Debug|x86.Build.0 = Debug|Any CPU
		{96F3F3E2-D7CB-4F87-9A6D-D5AD134A16BB}.Release|Any CPU.ActiveCfg = Release|Any CPU
		{96F3F3E2-D7CB-4F87-9A6D-D5AD134A16BB}.Release|Any CPU.Build.0 = Release|Any CPU
		{96F3F3E2-D7CB-4F87-9A6D-D5AD134A16BB}.Release|x64.ActiveCfg = Release|Any CPU
		{96F3F3E2-D7CB-4F87-9A6D-D5AD134A16BB}.Release|x64.Build.0 = Release|Any CPU
		{96F3F3E2-D7CB-4F87-9A6D-D5AD134A16BB}.Release|x86.ActiveCfg = Release|Any CPU
		{96F3F3E2-D7CB-4F87-9A6D-D5AD134A16BB}.Release|x86.Build.0 = Release|Any CPU
		{03E3FA88-D727-46BA-8BA0-8CD5AB89B246}.Debug|Any CPU.ActiveCfg = Debug|Any CPU
		{03E3FA88-D727-46BA-8BA0-8CD5AB89B246}.Debug|Any CPU.Build.0 = Debug|Any CPU
		{03E3FA88-D727-46BA-8BA0-8CD5AB89B246}.Debug|x64.ActiveCfg = Debug|Any CPU
		{03E3FA88-D727-46BA-8BA0-8CD5AB89B246}.Debug|x64.Build.0 = Debug|Any CPU
		{03E3FA88-D727-46BA-8BA0-8CD5AB89B246}.Debug|x86.ActiveCfg = Debug|Any CPU
		{03E3FA88-D727-46BA-8BA0-8CD5AB89B246}.Debug|x86.Build.0 = Debug|Any CPU
		{03E3FA88-D727-46BA-8BA0-8CD5AB89B246}.Release|Any CPU.ActiveCfg = Release|Any CPU
		{03E3FA88-D727-46BA-8BA0-8CD5AB89B246}.Release|Any CPU.Build.0 = Release|Any CPU
		{03E3FA88-D727-46BA-8BA0-8CD5AB89B246}.Release|x64.ActiveCfg = Release|Any CPU
		{03E3FA88-D727-46BA-8BA0-8CD5AB89B246}.Release|x64.Build.0 = Release|Any CPU
		{03E3FA88-D727-46BA-8BA0-8CD5AB89B246}.Release|x86.ActiveCfg = Release|Any CPU
		{03E3FA88-D727-46BA-8BA0-8CD5AB89B246}.Release|x86.Build.0 = Release|Any CPU
	EndGlobalSection
	GlobalSection(SolutionProperties) = preSolution
		HideSolutionNode = FALSE
	EndGlobalSection
	GlobalSection(NestedProjects) = preSolution
		{E320728B-61BD-486C-B83D-79E021B65A05} = {5A34AC25-818A-4E6B-9F90-54ADA326FF31}
		{54E066B5-4F24-4BC8-BF21-AE2FA4FC72E4} = {E320728B-61BD-486C-B83D-79E021B65A05}
		{B0035A92-12F4-42F6-8605-0CBD71E4FC42} = {54E066B5-4F24-4BC8-BF21-AE2FA4FC72E4}
		{2BA61C6F-808A-4048-9AE3-3E92669A7EE5} = {54E066B5-4F24-4BC8-BF21-AE2FA4FC72E4}
		{BA8F7310-0426-4665-BEF6-833039C6E67F} = {54E066B5-4F24-4BC8-BF21-AE2FA4FC72E4}
		{E84C4730-8080-4194-AFE3-E2E2B399A153} = {54E066B5-4F24-4BC8-BF21-AE2FA4FC72E4}
		{CB98D083-1486-48CC-A50C-02BF749E38E0} = {54E066B5-4F24-4BC8-BF21-AE2FA4FC72E4}
		{59C1DA34-355E-4C2F-BA7A-689E9AC8F66B} = {E320728B-61BD-486C-B83D-79E021B65A05}
		{C37A545C-3253-447F-B4E5-819A835C641A} = {59C1DA34-355E-4C2F-BA7A-689E9AC8F66B}
		{FE29D240-AB9B-414E-95C5-3BCDB116CEF9} = {59C1DA34-355E-4C2F-BA7A-689E9AC8F66B}
		{5C26E709-66D0-43CD-961F-F04A7733B9AC} = {59C1DA34-355E-4C2F-BA7A-689E9AC8F66B}
		{69BA01F3-517A-45A9-95E6-AAC563816382} = {59C1DA34-355E-4C2F-BA7A-689E9AC8F66B}
		{1F5E9354-7EF8-482A-8329-318559D963F3} = {59C1DA34-355E-4C2F-BA7A-689E9AC8F66B}
		{C4169F0D-422C-44D7-8CA5-807C73056D29} = {5A34AC25-818A-4E6B-9F90-54ADA326FF31}
		{8E158253-56EE-4BDD-A984-6AC24C9F4F0E} = {C4169F0D-422C-44D7-8CA5-807C73056D29}
		{A1B2C3D4-E5F6-7890-ABCD-000000000001} = {5A34AC25-818A-4E6B-9F90-54ADA326FF31}
		{A1B2C3D4-E5F6-7890-ABCD-000000000002} = {A1B2C3D4-E5F6-7890-ABCD-000000000001}
		{A1B2C3D4-E5F6-7890-ABCD-000000000003} = {A1B2C3D4-E5F6-7890-ABCD-000000000001}
		{A1B2C3D4-E5F6-7890-ABCD-000000000004} = {A1B2C3D4-E5F6-7890-ABCD-000000000002}
		{A1B2C3D4-E5F6-7890-ABCD-000000000005} = {A1B2C3D4-E5F6-7890-ABCD-000000000002}
		{C767119C-C47F-42AB-B4F4-67310DE9D664} = {A1B2C3D4-E5F6-7890-ABCD-000000000003}
		{9FAFF5CF-E582-9F49-9CAE-648C87FAF763} = {E320728B-61BD-486C-B83D-79E021B65A05}
		{032D6384-87B9-4BB0-9147-137EE70B66EC} = {9FAFF5CF-E582-9F49-9CAE-648C87FAF763}
		{D0E48F43-5220-44E3-B3CC-761E2A7B8CF9} = {9FAFF5CF-E582-9F49-9CAE-648C87FAF763}
		{4E08041B-7309-4B4E-BF08-11A8579283B0} = {9FAFF5CF-E582-9F49-9CAE-648C87FAF763}
		{F55A7527-2E47-46A7-A0B2-3BC4091B7838} = {9FAFF5CF-E582-9F49-9CAE-648C87FAF763}
		{DA73E259-950B-4A29-A883-F8A464F9AA6D} = {9FAFF5CF-E582-9F49-9CAE-648C87FAF763}
		{96F3F3E2-D7CB-4F87-9A6D-D5AD134A16BB} = {9FAFF5CF-E582-9F49-9CAE-648C87FAF763}
		{03E3FA88-D727-46BA-8BA0-8CD5AB89B246} = {9FAFF5CF-E582-9F49-9CAE-648C87FAF763}
	EndGlobalSection
EndGlobal
